
Microsoft Visual Studio Solution File, Format Version 12.00
# Visual Studio Version 17
VisualStudioVersion = 17.0.32014.148
MinimumVisualStudioVersion = 10.0.40219.1
Project("{2150E333-8FDC-42A3-9474-1A3956D46DE8}") = "Solution Items", "Solution Items", "{973299FB-1D70-4799-A855-3EFB08366006}"
	ProjectSection(SolutionItems) = preProject
		.editorconfig = .editorconfig
	EndProjectSection
EndProject
Project("{9A19103F-16F7-4668-BE54-9A1E7A4F7556}") = "LarcApiNet", "LarcApiNet\LarcApiNet.csproj", "{4F188E41-D1FC-424B-8585-40F5169432D8}"
EndProject
Project("{9A19103F-16F7-4668-BE54-9A1E7A4F7556}") = "LarcApiNet.Tests", "LarcApiNet.Tests\LarcApiNet.Tests.csproj", "{3DCFD8BE-E8A4-41D2-B040-D8284801DB9C}"
EndProject
Project("{9A19103F-16F7-4668-BE54-9A1E7A4F7556}") = "NetLibraryGenerator", "..\LibraryGenerators\NetLibraryGenerator\NetLibraryGenerator\NetLibraryGenerator.csproj", "{532EC920-793A-4487-BB56-CBA968149155}"
EndProject
Global
	GlobalSection(SolutionConfigurationPlatforms) = preSolution
		Debug|Any CPU = Debug|Any CPU
		netcore3.0D|Any CPU = netcore3.0D|Any CPU
		netcore5.0D|Any CPU = netcore5.0D|Any CPU
		Release|Any CPU = Release|Any CPU
	EndGlobalSection
	GlobalSection(ProjectConfigurationPlatforms) = postSolution
		{4F188E41-D1FC-424B-8585-40F5169432D8}.Debug|Any CPU.ActiveCfg = Debug|Any CPU
		{4F188E41-D1FC-424B-8585-40F5169432D8}.Debug|Any CPU.Build.0 = Debug|Any CPU
		{4F188E41-D1FC-424B-8585-40F5169432D8}.netcore3.0D|Any CPU.ActiveCfg = netcore3.0D|Any CPU
		{4F188E41-D1FC-424B-8585-40F5169432D8}.netcore3.0D|Any CPU.Build.0 = netcore3.0D|Any CPU
		{4F188E41-D1FC-424B-8585-40F5169432D8}.netcore5.0D|Any CPU.ActiveCfg = netcore5.0D|Any CPU
		{4F188E41-D1FC-424B-8585-40F5169432D8}.netcore5.0D|Any CPU.Build.0 = netcore5.0D|Any CPU
		{4F188E41-D1FC-424B-8585-40F5169432D8}.Release|Any CPU.ActiveCfg = Release|Any CPU
		{4F188E41-D1FC-424B-8585-40F5169432D8}.Release|Any CPU.Build.0 = Release|Any CPU
		{3DCFD8BE-E8A4-41D2-B040-D8284801DB9C}.Debug|Any CPU.ActiveCfg = Debug|Any CPU
		{3DCFD8BE-E8A4-41D2-B040-D8284801DB9C}.Debug|Any CPU.Build.0 = Debug|Any CPU
		{3DCFD8BE-E8A4-41D2-B040-D8284801DB9C}.netcore3.0D|Any CPU.ActiveCfg = Debug|Any CPU
		{3DCFD8BE-E8A4-41D2-B040-D8284801DB9C}.netcore3.0D|Any CPU.Build.0 = Debug|Any CPU
		{3DCFD8BE-E8A4-41D2-B040-D8284801DB9C}.netcore5.0D|Any CPU.ActiveCfg = Debug|Any CPU
		{3DCFD8BE-E8A4-41D2-B040-D8284801DB9C}.netcore5.0D|Any CPU.Build.0 = Debug|Any CPU
		{3DCFD8BE-E8A4-41D2-B040-D8284801DB9C}.Release|Any CPU.ActiveCfg = Release|Any CPU
		{3DCFD8BE-E8A4-41D2-B040-D8284801DB9C}.Release|Any CPU.Build.0 = Release|Any CPU
		{532EC920-793A-4487-BB56-CBA968149155}.Debug|Any CPU.ActiveCfg = Debug|Any CPU
		{532EC920-793A-4487-BB56-CBA968149155}.Debug|Any CPU.Build.0 = Debug|Any CPU
		{532EC920-793A-4487-BB56-CBA968149155}.netcore3.0D|Any CPU.ActiveCfg = Debug|Any CPU
		{532EC920-793A-4487-BB56-CBA968149155}.netcore3.0D|Any CPU.Build.0 = Debug|Any CPU
		{532EC920-793A-4487-BB56-CBA968149155}.netcore5.0D|Any CPU.ActiveCfg = Debug|Any CPU
		{532EC920-793A-4487-BB56-CBA968149155}.netcore5.0D|Any CPU.Build.0 = Debug|Any CPU
		{532EC920-793A-4487-BB56-CBA968149155}.Release|Any CPU.ActiveCfg = Release|Any CPU
		{532EC920-793A-4487-BB56-CBA968149155}.Release|Any CPU.Build.0 = Release|Any CPU
	EndGlobalSection
	GlobalSection(SolutionProperties) = preSolution
		HideSolutionNode = FALSE
	EndGlobalSection
	GlobalSection(ExtensibilityGlobals) = postSolution
		SolutionGuid = {093B07F0-F46A-4CB8-9702-2737F2DB0264}
	EndGlobalSection
EndGlobal
