
Microsoft Visual Studio Solution File, Format Version 12.00
# Visual Studio Version 17
VisualStudioVersion = 17.0.32014.148
MinimumVisualStudioVersion = 10.0.40219.1
Project("{9A19103F-16F7-4668-BE54-9A1E7A4F7556}") = "LccApiNet", "LccApiNet\LccApiNet.csproj", "{8B4E7165-002F-476A-9173-24FBD1AB0D4B}"
EndProject
Project("{9A19103F-16F7-4668-BE54-9A1E7A4F7556}") = "LccApiNet.Tests", "LccApiNet.Tests\LccApiNet.Tests.csproj", "{38700993-0A8F-4BB7-BF0B-79668B44C6C2}"
EndProject
Project("{2150E333-8FDC-42A3-9474-1A3956D46DE8}") = "Solution Items", "Solution Items", "{973299FB-1D70-4799-A855-3EFB08366006}"
	ProjectSection(SolutionItems) = preProject
		.editorconfig = .editorconfig
	EndProjectSection
EndProject
Project("{FAE04EC0-301F-11D3-BF4B-00C04F79EFBC}") = "NetLibraryGenerator", "..\LibraryGenerators\NetLibraryGenerator\NetLibraryGenerator\NetLibraryGenerator.csproj", "{EF31EFAB-8F35-4372-AEB2-C951BD14D8F8}"
EndProject
Global
	GlobalSection(SolutionConfigurationPlatforms) = preSolution
		Debug|Any CPU = Debug|Any CPU
		netcore3.0D|Any CPU = netcore3.0D|Any CPU
		netcore5.0D|Any CPU = netcore5.0D|Any CPU
		Release|Any CPU = Release|Any CPU
	EndGlobalSection
	GlobalSection(ProjectConfigurationPlatforms) = postSolution
		{8B4E7165-002F-476A-9173-24FBD1AB0D4B}.Debug|Any CPU.ActiveCfg = Debug|Any CPU
		{8B4E7165-002F-476A-9173-24FBD1AB0D4B}.Debug|Any CPU.Build.0 = Debug|Any CPU
		{8B4E7165-002F-476A-9173-24FBD1AB0D4B}.netcore3.0D|Any CPU.ActiveCfg = netcore3.0D|Any CPU
		{8B4E7165-002F-476A-9173-24FBD1AB0D4B}.netcore3.0D|Any CPU.Build.0 = netcore3.0D|Any CPU
		{8B4E7165-002F-476A-9173-24FBD1AB0D4B}.netcore5.0D|Any CPU.ActiveCfg = netcore5.0D|Any CPU
		{8B4E7165-002F-476A-9173-24FBD1AB0D4B}.netcore5.0D|Any CPU.Build.0 = netcore5.0D|Any CPU
		{8B4E7165-002F-476A-9173-24FBD1AB0D4B}.Release|Any CPU.ActiveCfg = Release|Any CPU
		{8B4E7165-002F-476A-9173-24FBD1AB0D4B}.Release|Any CPU.Build.0 = Release|Any CPU
		{38700993-0A8F-4BB7-BF0B-79668B44C6C2}.Debug|Any CPU.ActiveCfg = Debug|Any CPU
		{38700993-0A8F-4BB7-BF0B-79668B44C6C2}.Debug|Any CPU.Build.0 = Debug|Any CPU
		{38700993-0A8F-4BB7-BF0B-79668B44C6C2}.netcore3.0D|Any CPU.ActiveCfg = Debug|Any CPU
		{38700993-0A8F-4BB7-BF0B-79668B44C6C2}.netcore3.0D|Any CPU.Build.0 = Debug|Any CPU
		{38700993-0A8F-4BB7-BF0B-79668B44C6C2}.netcore5.0D|Any CPU.ActiveCfg = Debug|Any CPU
		{38700993-0A8F-4BB7-BF0B-79668B44C6C2}.netcore5.0D|Any CPU.Build.0 = Debug|Any CPU
		{38700993-0A8F-4BB7-BF0B-79668B44C6C2}.Release|Any CPU.ActiveCfg = Release|Any CPU
		{38700993-0A8F-4BB7-BF0B-79668B44C6C2}.Release|Any CPU.Build.0 = Release|Any CPU
		{EF31EFAB-8F35-4372-AEB2-C951BD14D8F8}.Debug|Any CPU.ActiveCfg = Debug|Any CPU
		{EF31EFAB-8F35-4372-AEB2-C951BD14D8F8}.Debug|Any CPU.Build.0 = Debug|Any CPU
		{EF31EFAB-8F35-4372-AEB2-C951BD14D8F8}.netcore3.0D|Any CPU.ActiveCfg = Debug|Any CPU
		{EF31EFAB-8F35-4372-AEB2-C951BD14D8F8}.netcore3.0D|Any CPU.Build.0 = Debug|Any CPU
		{EF31EFAB-8F35-4372-AEB2-C951BD14D8F8}.netcore5.0D|Any CPU.ActiveCfg = Debug|Any CPU
		{EF31EFAB-8F35-4372-AEB2-C951BD14D8F8}.netcore5.0D|Any CPU.Build.0 = Debug|Any CPU
		{EF31EFAB-8F35-4372-AEB2-C951BD14D8F8}.Release|Any CPU.ActiveCfg = Release|Any CPU
		{EF31EFAB-8F35-4372-AEB2-C951BD14D8F8}.Release|Any CPU.Build.0 = Release|Any CPU
	EndGlobalSection
	GlobalSection(SolutionProperties) = preSolution
		HideSolutionNode = FALSE
	EndGlobalSection
	GlobalSection(ExtensibilityGlobals) = postSolution
		SolutionGuid = {093B07F0-F46A-4CB8-9702-2737F2DB0264}
	EndGlobalSection
EndGlobal
