
Microsoft Visual Studio Solution File, Format Version 12.00
# Visual Studio Version 16
VisualStudioVersion = 16.0.31729.503
MinimumVisualStudioVersion = 10.0.40219.1
Project("{9A19103F-16F7-4668-BE54-9A1E7A4F7556}") = "LccApiNet", "LccApiNet\LccApiNet.csproj", "{8B4E7165-002F-476A-9173-24FBD1AB0D4B}"
EndProject
Global
	GlobalSection(SolutionConfigurationPlatforms) = preSolution
		Debug|Any CPU = Debug|Any CPU
		netcore3.0D|Any CPU = netcore3.0D|Any CPU
		netcore5.0D|Any CPU = netcore5.0D|Any CPU
		Release|Any CPU = Release|Any CPU
	EndGlobalSection
	GlobalSection(ProjectConfigurationPlatforms) = postSolution
		{8B4E7165-002F-476A-9173-24FBD1AB0D4B}.Debug|Any CPU.ActiveCfg = Debug|Any CPU
		{8B4E7165-002F-476A-9173-24FBD1AB0D4B}.Debug|Any CPU.Build.0 = Debug|Any CPU
		{8B4E7165-002F-476A-9173-24FBD1AB0D4B}.netcore3.0D|Any CPU.ActiveCfg = netcore3.0D|Any CPU
		{8B4E7165-002F-476A-9173-24FBD1AB0D4B}.netcore3.0D|Any CPU.Build.0 = netcore3.0D|Any CPU
		{8B4E7165-002F-476A-9173-24FBD1AB0D4B}.netcore5.0D|Any CPU.ActiveCfg = netcore5.0D|Any CPU
		{8B4E7165-002F-476A-9173-24FBD1AB0D4B}.netcore5.0D|Any CPU.Build.0 = netcore5.0D|Any CPU
		{8B4E7165-002F-476A-9173-24FBD1AB0D4B}.Release|Any CPU.ActiveCfg = Release|Any CPU
		{8B4E7165-002F-476A-9173-24FBD1AB0D4B}.Release|Any CPU.Build.0 = Release|Any CPU
	EndGlobalSection
	GlobalSection(SolutionProperties) = preSolution
		HideSolutionNode = FALSE
	EndGlobalSection
	GlobalSection(ExtensibilityGlobals) = postSolution
		SolutionGuid = {093B07F0-F46A-4CB8-9702-2737F2DB0264}
	EndGlobalSection
EndGlobal
